// !$*UTF8*$!
{
	archiveVersion = 1;
	classes = {
	};
	objectVersion = 46;
	objects = {

/* Begin PBXBuildFile section */
		55DBAD9413A611B900D370AC /* UIKit.framework in Frameworks */ = {isa = PBXBuildFile; fileRef = 55DBAD9313A611B900D370AC /* UIKit.framework */; };
		55DBAD9613A611B900D370AC /* Foundation.framework in Frameworks */ = {isa = PBXBuildFile; fileRef = 55DBAD9513A611B900D370AC /* Foundation.framework */; };
		55DBAD9813A611B900D370AC /* CoreGraphics.framework in Frameworks */ = {isa = PBXBuildFile; fileRef = 55DBAD9713A611B900D370AC /* CoreGraphics.framework */; };
		55DBAD9A13A611B900D370AC /* CoreData.framework in Frameworks */ = {isa = PBXBuildFile; fileRef = 55DBAD9913A611B900D370AC /* CoreData.framework */; };
		55DBADA013A611B900D370AC /* InfoPlist.strings in Resources */ = {isa = PBXBuildFile; fileRef = 55DBAD9E13A611B900D370AC /* InfoPlist.strings */; };
		55DBADA313A611B900D370AC /* main.m in Sources */ = {isa = PBXBuildFile; fileRef = 55DBADA213A611B900D370AC /* main.m */; };
		55DBADA613A611B900D370AC /* MySearchPadAppDelegate.m in Sources */ = {isa = PBXBuildFile; fileRef = 55DBADA513A611B900D370AC /* MySearchPadAppDelegate.m */; };
		55DBADA913A611B900D370AC /* MySearchPad.xcdatamodeld in Sources */ = {isa = PBXBuildFile; fileRef = 55DBADA713A611B900D370AC /* MySearchPad.xcdatamodeld */; };
		55DBADAC13A611B900D370AC /* MainWindow.xib in Resources */ = {isa = PBXBuildFile; fileRef = 55DBADAA13A611B900D370AC /* MainWindow.xib */; };
		55DBADAF13A611B900D370AC /* DetailViewController.m in Sources */ = {isa = PBXBuildFile; fileRef = 55DBADAE13A611B900D370AC /* DetailViewController.m */; };
		55DBADB213A611B900D370AC /* DetailView.xib in Resources */ = {isa = PBXBuildFile; fileRef = 55DBADB013A611B900D370AC /* DetailView.xib */; };
		55DBADB513A611B900D370AC /* RootViewController.m in Sources */ = {isa = PBXBuildFile; fileRef = 55DBADB413A611B900D370AC /* RootViewController.m */; };
/* End PBXBuildFile section */

/* Begin PBXFileReference section */
		55DBAD8F13A611B900D370AC /* MySearchPad.app */ = {isa = PBXFileReference; explicitFileType = wrapper.application; includeInIndex = 0; path = MySearchPad.app; sourceTree = BUILT_PRODUCTS_DIR; };
		55DBAD9313A611B900D370AC /* UIKit.framework */ = {isa = PBXFileReference; lastKnownFileType = wrapper.framework; name = UIKit.framework; path = System/Library/Frameworks/UIKit.framework; sourceTree = SDKROOT; };
		55DBAD9513A611B900D370AC /* Foundation.framework */ = {isa = PBXFileReference; lastKnownFileType = wrapper.framework; name = Foundation.framework; path = System/Library/Frameworks/Foundation.framework; sourceTree = SDKROOT; };
		55DBAD9713A611B900D370AC /* CoreGraphics.framework */ = {isa = PBXFileReference; lastKnownFileType = wrapper.framework; name = CoreGraphics.framework; path = System/Library/Frameworks/CoreGraphics.framework; sourceTree = SDKROOT; };
		55DBAD9913A611B900D370AC /* CoreData.framework */ = {isa = PBXFileReference; lastKnownFileType = wrapper.framework; name = CoreData.framework; path = System/Library/Frameworks/CoreData.framework; sourceTree = SDKROOT; };
		55DBAD9D13A611B900D370AC /* MySearchPad-Info.plist */ = {isa = PBXFileReference; path = "MySearchPad-Info.plist"; sourceTree = "<group>"; };
		55DBAD9F13A611B900D370AC /* en */ = {isa = PBXFileReference; lastKnownFileType = text.plist.strings; name = en; path = en.lproj/InfoPlist.strings; sourceTree = "<group>"; };
		55DBADA113A611B900D370AC /* MySearchPad-Prefix.pch */ = {isa = PBXFileReference; path = "MySearchPad-Prefix.pch"; sourceTree = "<group>"; };
		55DBADA213A611B900D370AC /* main.m */ = {isa = PBXFileReference; lastKnownFileType = sourcecode.c.objc; path = main.m; sourceTree = "<group>"; };
		55DBADA413A611B900D370AC /* MySearchPadAppDelegate.h */ = {isa = PBXFileReference; path = MySearchPadAppDelegate.h; sourceTree = "<group>"; };
		55DBADA513A611B900D370AC /* MySearchPadAppDelegate.m */ = {isa = PBXFileReference; lastKnownFileType = sourcecode.c.objc; path = MySearchPadAppDelegate.m; sourceTree = "<group>"; };
		55DBADA813A611B900D370AC /* MySearchPad.xcdatamodel */ = {isa = PBXFileReference; lastKnownFileType = wrapper.xcdatamodel; path = MySearchPad.xcdatamodel; sourceTree = "<group>"; };
		55DBADAB13A611B900D370AC /* en */ = {isa = PBXFileReference; lastKnownFileType = file.xib; name = en; path = en.lproj/MainWindow.xib; sourceTree = "<group>"; };
		55DBADAD13A611B900D370AC /* DetailViewController.h */ = {isa = PBXFileReference; path = DetailViewController.h; sourceTree = "<group>"; };
		55DBADAE13A611B900D370AC /* DetailViewController.m */ = {isa = PBXFileReference; lastKnownFileType = sourcecode.c.objc; path = DetailViewController.m; sourceTree = "<group>"; };
		55DBADB113A611B900D370AC /* en */ = {isa = PBXFileReference; lastKnownFileType = file.xib; name = en; path = en.lproj/DetailView.xib; sourceTree = "<group>"; };
		55DBADB313A611B900D370AC /* RootViewController.h */ = {isa = PBXFileReference; path = RootViewController.h; sourceTree = "<group>"; };
		55DBADB413A611B900D370AC /* RootViewController.m */ = {isa = PBXFileReference; lastKnownFileType = sourcecode.c.objc; path = RootViewController.m; sourceTree = "<group>"; };
/* End PBXFileReference section */

/* Begin PBXFrameworksBuildPhase section */
		55DBAD8C13A611B900D370AC /* Frameworks */ = {
			isa = PBXFrameworksBuildPhase;
			buildActionMask = 2147483647;
			files = (
				55DBAD9413A611B900D370AC /* UIKit.framework in Frameworks */,
				55DBAD9613A611B900D370AC /* Foundation.framework in Frameworks */,
				55DBAD9813A611B900D370AC /* CoreGraphics.framework in Frameworks */,
				55DBAD9A13A611B900D370AC /* CoreData.framework in Frameworks */,
			);
			runOnlyForDeploymentPostprocessing = 0;
		};
/* End PBXFrameworksBuildPhase section */

/* Begin PBXGroup section */
		55DBAD8413A611B900D370AC = {
			isa = PBXGroup;
			children = (
				55DBAD9B13A611B900D370AC /* MySearchPad */,
				55DBAD9213A611B900D370AC /* Frameworks */,
				55DBAD9013A611B900D370AC /* Products */,
			);
			sourceTree = "<group>";
		};
		55DBAD9013A611B900D370AC /* Products */ = {
			isa = PBXGroup;
			children = (
				55DBAD8F13A611B900D370AC /* MySearchPad.app */,
			);
			name = Products;
			sourceTree = "<group>";
		};
		55DBAD9213A611B900D370AC /* Frameworks */ = {
			isa = PBXGroup;
			children = (
				55DBAD9313A611B900D370AC /* UIKit.framework */,
				55DBAD9513A611B900D370AC /* Foundation.framework */,
				55DBAD9713A611B900D370AC /* CoreGraphics.framework */,
				55DBAD9913A611B900D370AC /* CoreData.framework */,
			);
			name = Frameworks;
			sourceTree = "<group>";
		};
		55DBAD9B13A611B900D370AC /* MySearchPad */ = {
			isa = PBXGroup;
			children = (
				55DBADA413A611B900D370AC /* MySearchPadAppDelegate.h */,
				55DBADA513A611B900D370AC /* MySearchPadAppDelegate.m */,
				55DBADAA13A611B900D370AC /* MainWindow.xib */,
				55DBADAD13A611B900D370AC /* DetailViewController.h */,
				55DBADAE13A611B900D370AC /* DetailViewController.m */,
				55DBADB013A611B900D370AC /* DetailView.xib */,
				55DBADB313A611B900D370AC /* RootViewController.h */,
				55DBADB413A611B900D370AC /* RootViewController.m */,
				55DBADA713A611B900D370AC /* MySearchPad.xcdatamodeld */,
				55DBAD9C13A611B900D370AC /* Supporting Files */,
			);
			path = MySearchPad;
			sourceTree = "<group>";
		};
		55DBAD9C13A611B900D370AC /* Supporting Files */ = {
			isa = PBXGroup;
			children = (
				55DBAD9D13A611B900D370AC /* MySearchPad-Info.plist */,
				55DBAD9E13A611B900D370AC /* InfoPlist.strings */,
				55DBADA113A611B900D370AC /* MySearchPad-Prefix.pch */,
				55DBADA213A611B900D370AC /* main.m */,
			);
			name = "Supporting Files";
			sourceTree = "<group>";
		};
/* End PBXGroup section */

/* Begin PBXNativeTarget section */
		55DBAD8E13A611B900D370AC /* MySearchPad */ = {
			isa = PBXNativeTarget;
			buildConfigurationList = 55DBADB813A611B900D370AC /* Build configuration list for PBXNativeTarget "MySearchPad" */;
			buildPhases = (
				55DBAD8B13A611B900D370AC /* Sources */,
				55DBAD8C13A611B900D370AC /* Frameworks */,
				55DBAD8D13A611B900D370AC /* Resources */,
			);
			buildRules = (
			);
			dependencies = (
			);
			name = MySearchPad;
			productName = MySearchPad;
			productReference = 55DBAD8F13A611B900D370AC /* MySearchPad.app */;
			productType = "com.apple.product-type.application";
		};
/* End PBXNativeTarget section */

/* Begin PBXProject section */
		55DBAD8613A611B900D370AC /* Project object */ = {
			isa = PBXProject;
			attributes = {
				ORGANIZATIONNAME = "타임교육";
			};
			buildConfigurationList = 55DBAD8913A611B900D370AC /* Build configuration list for PBXProject "MySearchPad" */;
			compatibilityVersion = "Xcode 3.2";
			developmentRegion = English;
			hasScannedForEncodings = 0;
			knownRegions = (
				en,
			);
			mainGroup = 55DBAD8413A611B900D370AC;
			productRefGroup = 55DBAD9013A611B900D370AC /* Products */;
			projectDirPath = "";
			projectRoot = "";
			targets = (
				55DBAD8E13A611B900D370AC /* MySearchPad */,
			);
		};
/* End PBXProject section */

/* Begin PBXResourcesBuildPhase section */
		55DBAD8D13A611B900D370AC /* Resources */ = {
			isa = PBXResourcesBuildPhase;
			buildActionMask = 2147483647;
			files = (
				55DBADA013A611B900D370AC /* InfoPlist.strings in Resources */,
				55DBADAC13A611B900D370AC /* MainWindow.xib in Resources */,
				55DBADB213A611B900D370AC /* DetailView.xib in Resources */,
			);
			runOnlyForDeploymentPostprocessing = 0;
		};
/* End PBXResourcesBuildPhase section */

/* Begin PBXSourcesBuildPhase section */
		55DBAD8B13A611B900D370AC /* Sources */ = {
			isa = PBXSourcesBuildPhase;
			buildActionMask = 2147483647;
			files = (
				55DBADA313A611B900D370AC /* main.m in Sources */,
				55DBADA613A611B900D370AC /* MySearchPadAppDelegate.m in Sources */,
				55DBADA913A611B900D370AC /* MySearchPad.xcdatamodeld in Sources */,
				55DBADAF13A611B900D370AC /* DetailViewController.m in Sources */,
				55DBADB513A611B900D370AC /* RootViewController.m in Sources */,
			);
			runOnlyForDeploymentPostprocessing = 0;
		};
/* End PBXSourcesBuildPhase section */

/* Begin PBXVariantGroup section */
		55DBAD9E13A611B900D370AC /* InfoPlist.strings */ = {
			isa = PBXVariantGroup;
			children = (
				55DBAD9F13A611B900D370AC /* en */,
			);
			name = InfoPlist.strings;
			sourceTree = "<group>";
		};
		55DBADAA13A611B900D370AC /* MainWindow.xib */ = {
			isa = PBXVariantGroup;
			children = (
				55DBADAB13A611B900D370AC /* en */,
			);
			name = MainWindow.xib;
			sourceTree = "<group>";
		};
		55DBADB013A611B900D370AC /* DetailView.xib */ = {
			isa = PBXVariantGroup;
			children = (
				55DBADB113A611B900D370AC /* en */,
			);
			name = DetailView.xib;
			sourceTree = "<group>";
		};
/* End PBXVariantGroup section */

/* Begin XCBuildConfiguration section */
		55DBADB613A611B900D370AC /* Debug */ = {
			isa = XCBuildConfiguration;
			buildSettings = {
				ARCHS = "$(ARCHS_UNIVERSAL_IPHONE_OS)";
				"CODE_SIGN_IDENTITY[sdk=iphoneos*]" = "iPhone Developer";
				GCC_C_LANGUAGE_STANDARD = gnu99;
				GCC_OPTIMIZATION_LEVEL = 0;
				GCC_PREPROCESSOR_DEFINITIONS = DEBUG;
				GCC_SYMBOLS_PRIVATE_EXTERN = NO;
				GCC_VERSION = com.apple.compilers.llvmgcc42;
				GCC_WARN_ABOUT_RETURN_TYPE = YES;
				GCC_WARN_UNUSED_VARIABLE = YES;
				IPHONEOS_DEPLOYMENT_TARGET = 4.3;
				SDKROOT = iphoneos;
				TARGETED_DEVICE_FAMILY = 2;
			};
			name = Debug;
		};
		55DBADB713A611B900D370AC /* Release */ = {
			isa = XCBuildConfiguration;
			buildSettings = {
				ARCHS = "$(ARCHS_UNIVERSAL_IPHONE_OS)";
				"CODE_SIGN_IDENTITY[sdk=iphoneos*]" = "iPhone Developer";
				GCC_C_LANGUAGE_STANDARD = gnu99;
				GCC_VERSION = com.apple.compilers.llvmgcc42;
				GCC_WARN_ABOUT_RETURN_TYPE = YES;
				GCC_WARN_UNUSED_VARIABLE = YES;
				IPHONEOS_DEPLOYMENT_TARGET = 4.3;
				OTHER_CFLAGS = "-DNS_BLOCK_ASSERTIONS=1";
				SDKROOT = iphoneos;
				TARGETED_DEVICE_FAMILY = 2;
			};
			name = Release;
		};
		55DBADB913A611B900D370AC /* Debug */ = {
			isa = XCBuildConfiguration;
			buildSettings = {
				ALWAYS_SEARCH_USER_PATHS = NO;
				COPY_PHASE_STRIP = NO;
				GCC_DYNAMIC_NO_PIC = NO;
				GCC_PRECOMPILE_PREFIX_HEADER = YES;
				GCC_PREFIX_HEADER = "MySearchPad/MySearchPad-Prefix.pch";
				INFOPLIST_FILE = "MySearchPad/MySearchPad-Info.plist";
				PRODUCT_NAME = "$(TARGET_NAME)";
				WRAPPER_EXTENSION = app;
			};
			name = Debug;
		};
		55DBADBA13A611B900D370AC /* Release */ = {
			isa = XCBuildConfiguration;
			buildSettings = {
				ALWAYS_SEARCH_USER_PATHS = NO;
				COPY_PHASE_STRIP = YES;
				GCC_PRECOMPILE_PREFIX_HEADER = YES;
				GCC_PREFIX_HEADER = "MySearchPad/MySearchPad-Prefix.pch";
				INFOPLIST_FILE = "MySearchPad/MySearchPad-Info.plist";
				PRODUCT_NAME = "$(TARGET_NAME)";
				VALIDATE_PRODUCT = YES;
				WRAPPER_EXTENSION = app;
			};
			name = Release;
		};
/* End XCBuildConfiguration section */

/* Begin XCConfigurationList section */
		55DBAD8913A611B900D370AC /* Build configuration list for PBXProject "MySearchPad" */ = {
			isa = XCConfigurationList;
			buildConfigurations = (
				55DBADB613A611B900D370AC /* Debug */,
				55DBADB713A611B900D370AC /* Release */,
			);
			defaultConfigurationIsVisible = 0;
			defaultConfigurationName = Release;
		};
		55DBADB813A611B900D370AC /* Build configuration list for PBXNativeTarget "MySearchPad" */ = {
			isa = XCConfigurationList;
			buildConfigurations = (
				55DBADB913A611B900D370AC /* Debug */,
				55DBADBA13A611B900D370AC /* Release */,
			);
			defaultConfigurationIsVisible = 0;
		};
/* End XCConfigurationList section */

/* Begin XCVersionGroup section */
		55DBADA713A611B900D370AC /* MySearchPad.xcdatamodeld */ = {
			isa = XCVersionGroup;
			children = (
				55DBADA813A611B900D370AC /* MySearchPad.xcdatamodel */,
			);
			currentVersion = 55DBADA813A611B900D370AC /* MySearchPad.xcdatamodel */;
			path = MySearchPad.xcdatamodeld;
			sourceTree = "<group>";
			versionGroupType = wrapper.xcdatamodel;
		};
/* End XCVersionGroup section */
	};
	rootObject = 55DBAD8613A611B900D370AC /* Project object */;
}
